
Microsoft Visual Studio Solution File, Format Version 12.00
# Visual Studio Version 17
VisualStudioVersion = 17.1.32328.378
MinimumVisualStudioVersion = 10.0.40219.1
Project("{8BC9CEB8-8B4A-11D0-8D11-00A0C91BC942}") = "APIDataFile", "APIDataFile\APIDataFile.vcxproj", "{999C1D4E-8D8D-4581-896A-C4D0B0A757AB}"
EndProject
Global
	GlobalSection(SolutionConfigurationPlatforms) = preSolution
		Debug|x64 = Debug|x64
		Debug|x86 = Debug|x86
		Release|x64 = Release|x64
		Release|x86 = Release|x86
	EndGlobalSection
	GlobalSection(ProjectConfigurationPlatforms) = postSolution
		{999C1D4E-8D8D-4581-896A-C4D0B0A757AB}.Debug|x64.ActiveCfg = Debug|x64
		{999C1D4E-8D8D-4581-896A-C4D0B0A757AB}.Debug|x64.Build.0 = Debug|x64
		{999C1D4E-8D8D-4581-896A-C4D0B0A757AB}.Debug|x86.ActiveCfg = Debug|Win32
		{999C1D4E-8D8D-4581-896A-C4D0B0A757AB}.Debug|x86.Build.0 = Debug|Win32
		{999C1D4E-8D8D-4581-896A-C4D0B0A757AB}.Release|x64.ActiveCfg = Release|x64
		{999C1D4E-8D8D-4581-896A-C4D0B0A757AB}.Release|x64.Build.0 = Release|x64
		{999C1D4E-8D8D-4581-896A-C4D0B0A757AB}.Release|x86.ActiveCfg = Release|Win32
		{999C1D4E-8D8D-4581-896A-C4D0B0A757AB}.Release|x86.Build.0 = Release|Win32
	EndGlobalSection
	GlobalSection(SolutionProperties) = preSolution
		HideSolutionNode = FALSE
	EndGlobalSection
	GlobalSection(ExtensibilityGlobals) = postSolution
		SolutionGuid = {C7ED0D47-1929-47D7-8342-263953879D78}
	EndGlobalSection
EndGlobal
